
Microsoft Visual Studio Solution File, Format Version 12.00
# Visual Studio Version 17
VisualStudioVersion = 17.5.002.0
MinimumVisualStudioVersion = 10.0.40219.1
Project("{9A19103F-16F7-4668-BE54-9A1E7A4F7556}") = "Dotnet", "Dotnet.csproj", "{F19DEACC-9B50-45D3-80F2-C619344722D9}"
EndProject
Project("{FAE04EC0-301F-11D3-BF4B-00C04F79EFBC}") = "Microsoft.FeatureManagement", "..\..\..\FeatureManagement-Dotnet\src\Microsoft.FeatureManagement\Microsoft.FeatureManagement.csproj", "{4AFA1500-ED4C-468F-9186-2790EC6A3AF3}"
EndProject
Global
	GlobalSection(SolutionConfigurationPlatforms) = preSolution
		Debug|Any CPU = Debug|Any CPU
		Release|Any CPU = Release|Any CPU
	EndGlobalSection
	GlobalSection(ProjectConfigurationPlatforms) = postSolution
		{F19DEACC-9B50-45D3-80F2-C619344722D9}.Debug|Any CPU.ActiveCfg = Debug|Any CPU
		{F19DEACC-9B50-45D3-80F2-C619344722D9}.Debug|Any CPU.Build.0 = Debug|Any CPU
		{F19DEACC-9B50-45D3-80F2-C619344722D9}.Release|Any CPU.ActiveCfg = Release|Any CPU
		{F19DEACC-9B50-45D3-80F2-C619344722D9}.Release|Any CPU.Build.0 = Release|Any CPU
		{4AFA1500-ED4C-468F-9186-2790EC6A3AF3}.Debug|Any CPU.ActiveCfg = Debug|Any CPU
		{4AFA1500-ED4C-468F-9186-2790EC6A3AF3}.Debug|Any CPU.Build.0 = Debug|Any CPU
		{4AFA1500-ED4C-468F-9186-2790EC6A3AF3}.Release|Any CPU.ActiveCfg = Release|Any CPU
		{4AFA1500-ED4C-468F-9186-2790EC6A3AF3}.Release|Any CPU.Build.0 = Release|Any CPU
	EndGlobalSection
	GlobalSection(SolutionProperties) = preSolution
		HideSolutionNode = FALSE
	EndGlobalSection
	GlobalSection(ExtensibilityGlobals) = postSolution
		SolutionGuid = {08D18984-BEEF-4BF5-94DC-DBD8096154DC}
	EndGlobalSection
EndGlobal
